{
    "_meta": {
        "hash": {
            "sha256": "0a84100a9e103af890ad3f8affc8883547c214dc2129da7922fbcabd29c38891"
        },
        "pipfile-spec": 6,
        "requires": {
            "python_version": "3.7"
        },
        "sources": [
            {
                "name": "pypi",
                "url": "https://pypi.org/simple",
                "verify_ssl": true
            }
        ]
    },
    "default": {
        "certifi": {
            "hashes": [
                "sha256:84c85a9078b11105f04f3036a9482ae10e4621616db313fe045dd24743a0820d",
                "sha256:fe86415d55e84719d75f8b69414f6438ac3547d2078ab91b67e779ef69378412"
            ],
            "markers": "python_version >= '3.6'",
            "version": "==2022.6.15"
        },
        "charset-normalizer": {
            "hashes": [
                "sha256:5189b6f22b01957427f35b6a08d9a0bc45b46d3788ef5a92e978433c7a35f8a5",
                "sha256:575e708016ff3a5e3681541cb9d79312c416835686d054a23accb873b254f413"
            ],
            "markers": "python_version >= '3.6'",
            "version": "==2.1.0"
        },
        "click": {
            "hashes": [
                "sha256:7682dc8afb30297001674575ea00d1814d808d6a36af415a82bd481d37ba7b8e",
                "sha256:bb4d8133cb15a609f44e8213d9b391b0809795062913b383c62be0ee95b1db48"
            ],
            "index": "pypi",
            "version": "==8.1.3"
        },
        "colorama": {
            "hashes": [
                "sha256:854bf444933e37f5824ae7bfc1e98d5bce2ebe4160d46b5edf346a89358e99da",
                "sha256:e6c6b4334fc50988a639d9b98aa429a0b57da6e17b9a44f0451f930b6967b7a4"
            ],
            "markers": "platform_system == 'Windows'",
            "version": "==0.4.5"
        },
        "idna": {
            "hashes": [
                "sha256:84d9dd047ffa80596e0f246e2eab0b391788b0503584e8945f2368256d2735ff",
                "sha256:9d643ff0a55b762d5cdb124b8eaa99c66322e2157b69160bc32796e824360e6d"
            ],
            "markers": "python_version >= '3.5'",
            "version": "==3.3"
        },
        "imageio-ffmpeg": {
            "hashes": [
                "sha256:3b00bb04e8649f60d5ede91aa47b754283d1fa9fd8d40803d9871c8afd72cd50",
                "sha256:4b8067bf1ead54b03fa7fa37f80ce152b34426e128aa835131b04eb64ee52b32",
                "sha256:5b69f9390f791a0f1e125ae5244dcb8a6dbb7008195d047d529225a7ef351be4",
                "sha256:b1b9cc52ead5ea0c6e9806bcce4d6d1b0d8d4e9baf017af090fb932cc37ad6b0",
                "sha256:f826260a3207b872f1a4ba87ec0c8e02c00afba4fd03348a59049bdd8215841e"
            ],
            "index": "pypi",
            "version": "==0.4.3"
        },
        "importlib-metadata": {
            "hashes": [
                "sha256:637245b8bab2b6502fcbc752cc4b7a6f6243bb02b31c5c26156ad103d3d45670",
                "sha256:7401a975809ea1fdc658c3aa4f78cc2195a0e019c5cbc4c06122884e9ae80c23"
            ],
            "markers": "python_version < '3.8'",
            "version": "==4.12.0"
        },
        "ninja": {
            "hashes": [
                "sha256:0560eea57199e41e86ac2c1af0108b63ae77c3ca4d05a9425a750e908135935a",
                "sha256:21a1d84d4c7df5881bfd86c25cce4cf7af44ba2b8b255c57bc1c434ec30a2dfc",
                "sha256:279836285975e3519392c93c26e75755e8a8a7fafec9f4ecbb0293119ee0f9c6",
                "sha256:29570a18d697fc84d361e7e6330f0021f34603ae0fcb0ef67ae781e9814aae8d",
                "sha256:5ea785bf6a15727040835256577239fa3cf5da0d60e618c307aa5efc31a1f0ce",
                "sha256:688167841b088b6802e006f911d911ffa925e078c73e8ef2f88286107d3204f8",
                "sha256:6bd76a025f26b9ae507cf8b2b01bb25bb0031df54ed685d85fc559c411c86cf4",
                "sha256:740d61fefb4ca13573704ee8fe89b973d40b8dc2a51aaa4e9e68367233743bb6",
                "sha256:840a0b042d43a8552c4004966e18271ec726e5996578f28345d9ce78e225b67e",
                "sha256:84be6f9ec49f635dc40d4b871319a49fa49b8d55f1d9eae7cd50d8e57ddf7a85",
                "sha256:9ca8dbece144366d5f575ffc657af03eb11c58251268405bc8519d11cf42f113",
                "sha256:cc8b31b5509a2129e4d12a35fc21238c157038022560aaf22e49ef0a77039086",
                "sha256:d5e0275d28997a750a4f445c00bdd357b35cc334c13cdff13edf30e544704fbd",
                "sha256:e1b86ad50d4e681a7dbdff05fc23bb52cb773edb90bc428efba33fa027738408"
            ],
            "index": "pypi",
            "version": "==1.10.2.3"
        },
        "numpy": {
            "hashes": [
                "sha256:1dbe1c91269f880e364526649a52eff93ac30035507ae980d2fed33aaee633ac",
                "sha256:357768c2e4451ac241465157a3e929b265dfac85d9214074985b1786244f2ef3",
                "sha256:3820724272f9913b597ccd13a467cc492a0da6b05df26ea09e78b171a0bb9da6",
                "sha256:4391bd07606be175aafd267ef9bea87cf1b8210c787666ce82073b05f202add1",
                "sha256:4aa48afdce4660b0076a00d80afa54e8a97cd49f457d68a4342d188a09451c1a",
                "sha256:58459d3bad03343ac4b1b42ed14d571b8743dc80ccbf27444f266729df1d6f5b",
                "sha256:5c3c8def4230e1b959671eb959083661b4a0d2e9af93ee339c7dada6759a9470",
                "sha256:5f30427731561ce75d7048ac254dbe47a2ba576229250fb60f0fb74db96501a1",
                "sha256:643843bcc1c50526b3a71cd2ee561cf0d8773f062c8cbaf9ffac9fdf573f83ab",
                "sha256:67c261d6c0a9981820c3a149d255a76918278a6b03b6a036800359aba1256d46",
                "sha256:67f21981ba2f9d7ba9ade60c9e8cbaa8cf8e9ae51673934480e45cf55e953673",
                "sha256:6aaf96c7f8cebc220cdfc03f1d5a31952f027dda050e5a703a0d1c396075e3e7",
                "sha256:7c4068a8c44014b2d55f3c3f574c376b2494ca9cc73d2f1bd692382b6dffe3db",
                "sha256:7c7e5fa88d9ff656e067876e4736379cc962d185d5cd808014a8a928d529ef4e",
                "sha256:7f5ae4f304257569ef3b948810816bc87c9146e8c446053539947eedeaa32786",
                "sha256:82691fda7c3f77c90e62da69ae60b5ac08e87e775b09813559f8901a88266552",
                "sha256:8737609c3bbdd48e380d463134a35ffad3b22dc56295eff6f79fd85bd0eeeb25",
                "sha256:9f411b2c3f3d76bba0865b35a425157c5dcf54937f82bbeb3d3c180789dd66a6",
                "sha256:a6be4cb0ef3b8c9250c19cc122267263093eee7edd4e3fa75395dfda8c17a8e2",
                "sha256:bcb238c9c96c00d3085b264e5c1a1207672577b93fa666c3b14a45240b14123a",
                "sha256:bf2ec4b75d0e9356edea834d1de42b31fe11f726a81dfb2c2112bc1eaa508fcf",
                "sha256:d136337ae3cc69aa5e447e78d8e1514be8c3ec9b54264e680cf0b4bd9011574f",
                "sha256:d4bf4d43077db55589ffc9009c0ba0a94fa4908b9586d6ccce2e0b164c86303c",
                "sha256:d6a96eef20f639e6a97d23e57dd0c1b1069a7b4fd7027482a4c5c451cd7732f4",
                "sha256:d9caa9d5e682102453d96a0ee10c7241b72859b01a941a397fd965f23b3e016b",
                "sha256:dd1c8f6bd65d07d3810b90d02eba7997e32abbdf1277a481d698969e921a3be0",
                "sha256:e31f0bb5928b793169b87e3d1e070f2342b22d5245c755e2b81caa29756246c3",
                "sha256:ecb55251139706669fdec2ff073c98ef8e9a84473e51e716211b41aa0f18e656",
                "sha256:ee5ec40fdd06d62fe5d4084bef4fd50fd4bb6bfd2bf519365f569dc470163ab0",
                "sha256:f17e562de9edf691a42ddb1eb4a5541c20dd3f9e65b09ded2beb0799c0cf29bb",
                "sha256:fdffbfb6832cd0b300995a2b08b8f6fa9f6e856d562800fea9182316d99c4e8e"
            ],
            "markers": "python_version < '3.11' and python_version >= '3.7'",
            "version": "==1.21.6"
        },
        "pillow": {
            "hashes": [
                "sha256:0030fdbd926fb85844b8b92e2f9449ba89607231d3dd597a21ae72dc7fe26927",
                "sha256:030e3460861488e249731c3e7ab59b07c7853838ff3b8e16aac9561bb345da14",
                "sha256:0ed2c4ef2451de908c90436d6e8092e13a43992f1860275b4d8082667fbb2ffc",
                "sha256:136659638f61a251e8ed3b331fc6ccd124590eeff539de57c5f80ef3a9594e58",
                "sha256:13b725463f32df1bfeacbf3dd197fb358ae8ebcd8c5548faa75126ea425ccb60",
                "sha256:1536ad017a9f789430fb6b8be8bf99d2f214c76502becc196c6f2d9a75b01b76",
                "sha256:15928f824870535c85dbf949c09d6ae7d3d6ac2d6efec80f3227f73eefba741c",
                "sha256:17d4cafe22f050b46d983b71c707162d63d796a1235cdf8b9d7a112e97b15bac",
                "sha256:1802f34298f5ba11d55e5bb09c31997dc0c6aed919658dfdf0198a2fe75d5490",
                "sha256:1cc1d2451e8a3b4bfdb9caf745b58e6c7a77d2e469159b0d527a4554d73694d1",
                "sha256:1fd6f5e3c0e4697fa7eb45b6e93996299f3feee73a3175fa451f49a74d092b9f",
                "sha256:254164c57bab4b459f14c64e93df11eff5ded575192c294a0c49270f22c5d93d",
                "sha256:2ad0d4df0f5ef2247e27fc790d5c9b5a0af8ade9ba340db4a73bb1a4a3e5fb4f",
                "sha256:2c58b24e3a63efd22554c676d81b0e57f80e0a7d3a5874a7e14ce90ec40d3069",
                "sha256:2d33a11f601213dcd5718109c09a52c2a1c893e7461f0be2d6febc2879ec2402",
                "sha256:337a74fd2f291c607d220c793a8135273c4c2ab001b03e601c36766005f36885",
                "sha256:37ff6b522a26d0538b753f0b4e8e164fdada12db6c6f00f62145d732d8a3152e",
                "sha256:3d1f14f5f691f55e1b47f824ca4fdcb4b19b4323fe43cc7bb105988cad7496be",
                "sha256:408673ed75594933714482501fe97e055a42996087eeca7e5d06e33218d05aa8",
                "sha256:4134d3f1ba5f15027ff5c04296f13328fecd46921424084516bdb1b2548e66ff",
                "sha256:4ad2f835e0ad81d1689f1b7e3fbac7b01bb8777d5a985c8962bedee0cc6d43da",
                "sha256:50dff9cc21826d2977ef2d2a205504034e3a4563ca6f5db739b0d1026658e004",
                "sha256:510cef4a3f401c246cfd8227b300828715dd055463cdca6176c2e4036df8bd4f",
                "sha256:5aed7dde98403cd91d86a1115c78d8145c83078e864c1de1064f52e6feb61b20",
                "sha256:69bd1a15d7ba3694631e00df8de65a8cb031911ca11f44929c97fe05eb9b6c1d",
                "sha256:6bf088c1ce160f50ea40764f825ec9b72ed9da25346216b91361eef8ad1b8f8c",
                "sha256:6e8c66f70fb539301e064f6478d7453e820d8a2c631da948a23384865cd95544",
                "sha256:727dd1389bc5cb9827cbd1f9d40d2c2a1a0c9b32dd2261db522d22a604a6eec9",
                "sha256:74a04183e6e64930b667d321524e3c5361094bb4af9083db5c301db64cd341f3",
                "sha256:75e636fd3e0fb872693f23ccb8a5ff2cd578801251f3a4f6854c6a5d437d3c04",
                "sha256:7761afe0126d046974a01e030ae7529ed0ca6a196de3ec6937c11df0df1bc91c",
                "sha256:7888310f6214f19ab2b6df90f3f06afa3df7ef7355fc025e78a3044737fab1f5",
                "sha256:7b0554af24df2bf96618dac71ddada02420f946be943b181108cac55a7a2dcd4",
                "sha256:7c7b502bc34f6e32ba022b4a209638f9e097d7a9098104ae420eb8186217ebbb",
                "sha256:808add66ea764ed97d44dda1ac4f2cfec4c1867d9efb16a33d158be79f32b8a4",
                "sha256:831e648102c82f152e14c1a0938689dbb22480c548c8d4b8b248b3e50967b88c",
                "sha256:93689632949aff41199090eff5474f3990b6823404e45d66a5d44304e9cdc467",
                "sha256:96b5e6874431df16aee0c1ba237574cb6dff1dcb173798faa6a9d8b399a05d0e",
                "sha256:9a54614049a18a2d6fe156e68e188da02a046a4a93cf24f373bffd977e943421",
                "sha256:a138441e95562b3c078746a22f8fca8ff1c22c014f856278bdbdd89ca36cff1b",
                "sha256:a647c0d4478b995c5e54615a2e5360ccedd2f85e70ab57fbe817ca613d5e63b8",
                "sha256:a9c9bc489f8ab30906d7a85afac4b4944a572a7432e00698a7239f44a44e6efb",
                "sha256:ad2277b185ebce47a63f4dc6302e30f05762b688f8dc3de55dbae4651872cdf3",
                "sha256:b6d5e92df2b77665e07ddb2e4dbd6d644b78e4c0d2e9272a852627cdba0d75cf",
                "sha256:bc431b065722a5ad1dfb4df354fb9333b7a582a5ee39a90e6ffff688d72f27a1",
                "sha256:bdd0de2d64688ecae88dd8935012c4a72681e5df632af903a1dca8c5e7aa871a",
                "sha256:c79698d4cd9318d9481d89a77e2d3fcaeff5486be641e60a4b49f3d2ecca4e28",
                "sha256:cb6259196a589123d755380b65127ddc60f4c64b21fc3bb46ce3a6ea663659b0",
                "sha256:d5b87da55a08acb586bad5c3aa3b86505f559b84f39035b233d5bf844b0834b1",
                "sha256:dcd7b9c7139dc8258d164b55696ecd16c04607f1cc33ba7af86613881ffe4ac8",
                "sha256:dfe4c1fedfde4e2fbc009d5ad420647f7730d719786388b7de0999bf32c0d9fd",
                "sha256:ea98f633d45f7e815db648fd7ff0f19e328302ac36427343e4432c84432e7ff4",
                "sha256:ec52c351b35ca269cb1f8069d610fc45c5bd38c3e91f9ab4cbbf0aebc136d9c8",
                "sha256:eef7592281f7c174d3d6cbfbb7ee5984a671fcd77e3fc78e973d492e9bf0eb3f",
                "sha256:f07f1f00e22b231dd3d9b9208692042e29792d6bd4f6639415d2f23158a80013",
                "sha256:f3fac744f9b540148fa7715a435d2283b71f68bfb6d4aae24482a890aed18b59",
                "sha256:fa768eff5f9f958270b081bb33581b4b569faabf8774726b283edb06617101dc",
                "sha256:fac2d65901fb0fdf20363fbd345c01958a742f2dc62a8dd4495af66e3ff502a4"
            ],
            "markers": "python_version >= '3.7'",
            "version": "==9.2.0"
        },
        "pyspng": {
            "hashes": [
                "sha256:0eedcf4864a891043d67a66f5cffae61780d60931470ac072a83d8056e0a2345",
                "sha256:1d84cfcd38f7573a16bdd4468231747221379d9e59901a2f41bcd19285d20f62",
                "sha256:1f31981f75cab1275be0550ba00871f480685e58823d204047f00757a126b0bd",
                "sha256:24522f89d0f3872e48a9c0b2de61a1417af9e7ea154c76978306cc937887e47a",
                "sha256:24be936bb88c46eb0c2d16fcff2ac6ecdeba08b1c587b4b43bd2f7238df331ee",
                "sha256:28e83765fa61e587b1361b556153151165bbb1f600f381737aa1c93c0528483d",
                "sha256:471b185fb92aaeb344f10434792137c6feb487057c6d782e57a57479afe01806",
                "sha256:47b1478ec960e052feb8e246af0ba3e0379972e125eef8402b1586868291e63c",
                "sha256:49cfb234c1e7d7e37febff0a70e66730a23bc66d5679ffc8c9cb387943fe2841",
                "sha256:4f296ef2d9a96b407164a3182d819a503ac0755c86c9f1e15b0f79b083f25086",
                "sha256:6051d5aa6ce5aa30a95172f23dfbcd18325288c3d923e7894990d7cfdb27b484",
                "sha256:61819f9fa38c98732f3abcec674c7a3034d3005bb734426710b12740da76a72a",
                "sha256:6b7566f25ba5c0e5480f811e1f2616f26fc40882fa1643d1393b95b710ec1649",
                "sha256:6f30a31926b9c8b1695985d5f85910aefc15759832761de2d345d395bb7a2603",
                "sha256:7a348380da3c06120796f8e9c7a85d2059895f1ba7d10c652c91b86306e6272c",
                "sha256:b98d8733e1f9e30c2170a67c1cba3910c63965a81514af4b178e964bae6a7c07",
                "sha256:c9ba6895113f60fdc89e38151748f58ceaeed8f967634ca2bda0f18c19dc6ef0",
                "sha256:d322dab77dcc72a37c535afad1c52fb1c1a0c2890ad2bebd2ee869460de22a11",
                "sha256:d688746976c771e0ec50757591938697c9ef81d6d18213ae64ff294a01979376",
                "sha256:dc8c6d7025fca3a5b4efc2eaee81f89bf64189f1f1f5392802b0824a61d99b75",
                "sha256:dd0dbb0a32bd7f1cd3f1abc1d2d2fe16ea80f1117a99ebabb99ac32619fec1c8",
                "sha256:ddd6231f2f9808a9eee619289ec2dc2db8a9d4d2e1a2c45cc9a28b64db8668ff",
                "sha256:e63535ddba7b9d70f33e7e240949181542fc420000110b556a01aef81d24da44",
                "sha256:ef8bd2f32601c3f103d910af91a95bc6852b21929aa02986d05240bb7a59a5d5",
                "sha256:f9afb32c8996c757ca8d073d4a30b84a3e7528681d2cc808b9827b717c929cdd"
            ],
            "index": "pypi",
            "version": "==0.1.0"
        },
        "requests": {
            "hashes": [
                "sha256:7c5599b102feddaa661c826c56ab4fee28bfd17f5abca1ebbe3e7f19d7c97983",
                "sha256:8fefa2a1a1365bf5520aac41836fbee479da67864514bdb821f31ce07ce65349"
            ],
            "index": "pypi",
            "version": "==2.28.1"
        },
        "torch": {
            "file": "https://download.pytorch.org/whl/cu110/torch-1.7.1%2Bcu110-cp37-cp37m-win_amd64.whl",
            "hashes": [
                "sha256:2aa7c4219181e31fae146e5e42e395128214487fc7d016bc263fc60b354d22d6"
            ],
            "index": "pypi",
            "version": "==1.7.1+cu110"
        },
        "torchaudio": {
            "file": "https://download.pytorch.org/whl/torchaudio-0.7.2-cp37-none-win_amd64.whl",
            "hashes": [
                "sha256:8ffacebc2c48778c4a7c637eb843863063401a9707a54e7da8a21e9dad55c9ef"
            ],
            "index": "pypi",
            "version": "==0.7.2"
        },
        "torchvision": {
            "file": "https://download.pytorch.org/whl/cu110/torchvision-0.8.2%2Bcu110-cp37-cp37m-win_amd64.whl",
            "hashes": [
                "sha256:e2d6cc334d794edba63227edf0f59c4f00dab89c85dcef7e07a734a12dcd1fbf"
            ],
            "index": "pypi",
            "version": "==0.8.2+cu110"
        },
        "tqdm": {
            "hashes": [
                "sha256:40be55d30e200777a307a7585aee69e4eabb46b4ec6a4b4a5f2d9f11e7d5408d",
                "sha256:74a2cdefe14d11442cedf3ba4e21a3b84ff9a2dbdc6cfae2c34addb2a14a5ea6"
            ],
            "index": "pypi",
            "version": "==4.64.0"
        },
        "typing-extensions": {
            "hashes": [
                "sha256:25642c956049920a5aa49edcdd6ab1e06d7e5d467fc00e0506c44ac86fbfca02",
                "sha256:e6d2677a32f47fc7eb2795db1dd15c1f34eff616bcaf2cfb5e997f854fa1c4a6"
            ],
            "markers": "python_version >= '3.7'",
            "version": "==4.3.0"
        },
        "urllib3": {
            "hashes": [
                "sha256:c33ccba33c819596124764c23a97d25f32b28433ba0dedeb77d873a38722c9bc",
                "sha256:ea6e8fb210b19d950fab93b60c9009226c63a28808bc8386e05301e25883ac0a"
            ],
            "markers": "python_version >= '2.7' and python_version not in '3.0, 3.1, 3.2, 3.3, 3.4, 3.5' and python_version < '4'",
            "version": "==1.26.11"
        },
        "zipp": {
            "hashes": [
                "sha256:05b45f1ee8f807d0cc928485ca40a07cb491cf092ff587c0df9cb1fd154848d2",
                "sha256:47c40d7fe183a6f21403a199b3e4192cca5774656965b0a4988ad2f8feb5f009"
            ],
            "markers": "python_version >= '3.7'",
            "version": "==3.8.1"
        }
    },
    "develop": {}
}
